
Microsoft Visual Studio Solution File, Format Version 12.00
# Visual Studio Version 17
VisualStudioVersion = 17.1.32319.34
MinimumVisualStudioVersion = 10.0.40219.1
Project("{FAE04EC0-301F-11D3-BF4B-00C04F79EFBC}") = "SLBFE_Employement_API", "SLBFE_Employement_API\SLBFE_Employement_API.csproj", "{7DD2B77B-D1E0-4F56-8DFD-66A4B8574F00}"
EndProject
Global
	GlobalSection(SolutionConfigurationPlatforms) = preSolution
		Debug|Any CPU = Debug|Any CPU
		Release|Any CPU = Release|Any CPU
	EndGlobalSection
	GlobalSection(ProjectConfigurationPlatforms) = postSolution
		{7DD2B77B-D1E0-4F56-8DFD-66A4B8574F00}.Debug|Any CPU.ActiveCfg = Debug|Any CPU
		{7DD2B77B-D1E0-4F56-8DFD-66A4B8574F00}.Debug|Any CPU.Build.0 = Debug|Any CPU
		{7DD2B77B-D1E0-4F56-8DFD-66A4B8574F00}.Release|Any CPU.ActiveCfg = Release|Any CPU
		{7DD2B77B-D1E0-4F56-8DFD-66A4B8574F00}.Release|Any CPU.Build.0 = Release|Any CPU
	EndGlobalSection
	GlobalSection(SolutionProperties) = preSolution
		HideSolutionNode = FALSE
	EndGlobalSection
	GlobalSection(ExtensibilityGlobals) = postSolution
		SolutionGuid = {C5DA0EC2-813E-47C9-8BA6-280E0A1B4C8A}
	EndGlobalSection
EndGlobal
